{
  "name": "ts-npm",
  "version": "1.0.0",
  "lockfileVersion": 1,
  "requires": true,
  "dependencies": {
    "@types/jquery": {
      "version": "1.10.33",
      "resolved": "https://registry.npmjs.org/@types/jquery/-/jquery-1.10.33.tgz",
      "integrity": "sha512-na7VheaJZaPQs6jJx8Rn1E7mucDWdJSjXEaXKIAa5+RNtcHYPtckJseGx7w1L14EKzhmAZx3JDXKEGXMipZ57g==",
      "dev": true
    }
  }
}
